
Microsoft Visual Studio Solution File, Format Version 12.00
# Visual Studio Version 17
VisualStudioVersion = 17.14.36212.18 d17.14
MinimumVisualStudioVersion = 10.0.40219.1
Project("{FAE04EC0-301F-11D3-BF4B-00C04F79EFBC}") = "SchoolSystem", "SchoolSystem\SchoolSystem.csproj", "{26195B10-1340-4DE5-87CF-A34404EBBAEA}"
EndProject
Global
	GlobalSection(SolutionConfigurationPlatforms) = preSolution
		Debug|Any CPU = Debug|Any CPU
		Release|Any CPU = Release|Any CPU
	EndGlobalSection
	GlobalSection(ProjectConfigurationPlatforms) = postSolution
		{26195B10-1340-4DE5-87CF-A34404EBBAEA}.Debug|Any CPU.ActiveCfg = Debug|Any CPU
		{26195B10-1340-4DE5-87CF-A34404EBBAEA}.Debug|Any CPU.Build.0 = Debug|Any CPU
		{26195B10-1340-4DE5-87CF-A34404EBBAEA}.Release|Any CPU.ActiveCfg = Release|Any CPU
		{26195B10-1340-4DE5-87CF-A34404EBBAEA}.Release|Any CPU.Build.0 = Release|Any CPU
	EndGlobalSection
	GlobalSection(SolutionProperties) = preSolution
		HideSolutionNode = FALSE
	EndGlobalSection
	GlobalSection(ExtensibilityGlobals) = postSolution
		SolutionGuid = {DFEE7CD3-C6DA-4839-912B-1243D6DA93AE}
	EndGlobalSection
EndGlobal
